// !$*UTF8*$!
{
	archiveVersion = 1;
	classes = {
	};
	objectVersion = 50;
	objects = {

/* Begin PBXBuildFile section */
		64AF98E724F40E8200068C3A /* AppDelegate.swift in Sources */ = {isa = PBXBuildFile; fileRef = 64AF98E624F40E8200068C3A /* AppDelegate.swift */; };
		64AF98E924F40E8200068C3A /* SceneDelegate.swift in Sources */ = {isa = PBXBuildFile; fileRef = 64AF98E824F40E8200068C3A /* SceneDelegate.swift */; };
		64AF98EB24F40E8200068C3A /* ContentView.swift in Sources */ = {isa = PBXBuildFile; fileRef = 64AF98EA24F40E8200068C3A /* ContentView.swift */; };
		64AF98ED24F40E8600068C3A /* Assets.xcassets in Resources */ = {isa = PBXBuildFile; fileRef = 64AF98EC24F40E8600068C3A /* Assets.xcassets */; };
		64AF98F024F40E8600068C3A /* Preview Assets.xcassets in Resources */ = {isa = PBXBuildFile; fileRef = 64AF98EF24F40E8600068C3A /* Preview Assets.xcassets */; };
		64AF98F324F40E8600068C3A /* LaunchScreen.storyboard in Resources */ = {isa = PBXBuildFile; fileRef = 64AF98F124F40E8600068C3A /* LaunchScreen.storyboard */; };
		64AF98FC24F416A700068C3A /* TabBarItem.swift in Sources */ = {isa = PBXBuildFile; fileRef = 64AF98FB24F416A700068C3A /* TabBarItem.swift */; };
		64AF98FF24F416F700068C3A /* TabBarView.swift in Sources */ = {isa = PBXBuildFile; fileRef = 64AF98FE24F416F700068C3A /* TabBarView.swift */; };
		64AF990124F4179A00068C3A /* README.md in Resources */ = {isa = PBXBuildFile; fileRef = 64AF990024F4179A00068C3A /* README.md */; };
/* End PBXBuildFile section */

/* Begin PBXFileReference section */
		64AF98E324F40E8200068C3A /* TabBar.app */ = {isa = PBXFileReference; explicitFileType = wrapper.application; includeInIndex = 0; path = TabBar.app; sourceTree = BUILT_PRODUCTS_DIR; };
		64AF98E624F40E8200068C3A /* AppDelegate.swift */ = {isa = PBXFileReference; lastKnownFileType = sourcecode.swift; path = AppDelegate.swift; sourceTree = "<group>"; };
		64AF98E824F40E8200068C3A /* SceneDelegate.swift */ = {isa = PBXFileReference; lastKnownFileType = sourcecode.swift; path = SceneDelegate.swift; sourceTree = "<group>"; };
		64AF98EA24F40E8200068C3A /* ContentView.swift */ = {isa = PBXFileReference; lastKnownFileType = sourcecode.swift; path = ContentView.swift; sourceTree = "<group>"; };
		64AF98EC24F40E8600068C3A /* Assets.xcassets */ = {isa = PBXFileReference; lastKnownFileType = folder.assetcatalog; path = Assets.xcassets; sourceTree = "<group>"; };
		64AF98EF24F40E8600068C3A /* Preview Assets.xcassets */ = {isa = PBXFileReference; lastKnownFileType = folder.assetcatalog; path = "Preview Assets.xcassets"; sourceTree = "<group>"; };
		64AF98F224F40E8600068C3A /* Base */ = {isa = PBXFileReference; lastKnownFileType = file.storyboard; name = Base; path = Base.lproj/LaunchScreen.storyboard; sourceTree = "<group>"; };
		64AF98F424F40E8600068C3A /* Info.plist */ = {isa = PBXFileReference; lastKnownFileType = text.plist.xml; path = Info.plist; sourceTree = "<group>"; };
		64AF98FB24F416A700068C3A /* TabBarItem.swift */ = {isa = PBXFileReference; lastKnownFileType = sourcecode.swift; path = TabBarItem.swift; sourceTree = "<group>"; };
		64AF98FE24F416F700068C3A /* TabBarView.swift */ = {isa = PBXFileReference; lastKnownFileType = sourcecode.swift; path = TabBarView.swift; sourceTree = "<group>"; };
		64AF990024F4179A00068C3A /* README.md */ = {isa = PBXFileReference; lastKnownFileType = net.daringfireball.markdown; path = README.md; sourceTree = "<group>"; };
/* End PBXFileReference section */

/* Begin PBXFrameworksBuildPhase section */
		64AF98E024F40E8200068C3A /* Frameworks */ = {
			isa = PBXFrameworksBuildPhase;
			buildActionMask = 2147483647;
			files = (
			);
			runOnlyForDeploymentPostprocessing = 0;
		};
/* End PBXFrameworksBuildPhase section */

/* Begin PBXGroup section */
		64AF98DA24F40E8200068C3A = {
			isa = PBXGroup;
			children = (
				64AF990024F4179A00068C3A /* README.md */,
				64AF98E524F40E8200068C3A /* TabBar */,
				64AF98E424F40E8200068C3A /* Products */,
			);
			sourceTree = "<group>";
		};
		64AF98E424F40E8200068C3A /* Products */ = {
			isa = PBXGroup;
			children = (
				64AF98E324F40E8200068C3A /* TabBar.app */,
			);
			name = Products;
			sourceTree = "<group>";
		};
		64AF98E524F40E8200068C3A /* TabBar */ = {
			isa = PBXGroup;
			children = (
				64AF98E624F40E8200068C3A /* AppDelegate.swift */,
				64AF98E824F40E8200068C3A /* SceneDelegate.swift */,
				64AF98EA24F40E8200068C3A /* ContentView.swift */,
				64AF98FD24F416EA00068C3A /* Views */,
				64AF98FA24F4169500068C3A /* Models */,
				64AF98EC24F40E8600068C3A /* Assets.xcassets */,
				64AF98F124F40E8600068C3A /* LaunchScreen.storyboard */,
				64AF98F424F40E8600068C3A /* Info.plist */,
				64AF98EE24F40E8600068C3A /* Preview Content */,
			);
			path = TabBar;
			sourceTree = "<group>";
		};
		64AF98EE24F40E8600068C3A /* Preview Content */ = {
			isa = PBXGroup;
			children = (
				64AF98EF24F40E8600068C3A /* Preview Assets.xcassets */,
			);
			path = "Preview Content";
			sourceTree = "<group>";
		};
		64AF98FA24F4169500068C3A /* Models */ = {
			isa = PBXGroup;
			children = (
				64AF98FB24F416A700068C3A /* TabBarItem.swift */,
			);
			path = Models;
			sourceTree = "<group>";
		};
		64AF98FD24F416EA00068C3A /* Views */ = {
			isa = PBXGroup;
			children = (
				64AF98FE24F416F700068C3A /* TabBarView.swift */,
			);
			path = Views;
			sourceTree = "<group>";
		};
/* End PBXGroup section */

/* Begin PBXNativeTarget section */
		64AF98E224F40E8200068C3A /* TabBar */ = {
			isa = PBXNativeTarget;
			buildConfigurationList = 64AF98F724F40E8600068C3A /* Build configuration list for PBXNativeTarget "TabBar" */;
			buildPhases = (
				64AF98DF24F40E8200068C3A /* Sources */,
				64AF98E024F40E8200068C3A /* Frameworks */,
				64AF98E124F40E8200068C3A /* Resources */,
			);
			buildRules = (
			);
			dependencies = (
			);
			name = TabBar;
			productName = TabBar;
			productReference = 64AF98E324F40E8200068C3A /* TabBar.app */;
			productType = "com.apple.product-type.application";
		};
/* End PBXNativeTarget section */

/* Begin PBXProject section */
		64AF98DB24F40E8200068C3A /* Project object */ = {
			isa = PBXProject;
			attributes = {
				LastSwiftUpdateCheck = 1160;
				LastUpgradeCheck = 1160;
				ORGANIZATIONNAME = "Raphael Cerqueira";
				TargetAttributes = {
					64AF98E224F40E8200068C3A = {
						CreatedOnToolsVersion = 11.6;
					};
				};
			};
			buildConfigurationList = 64AF98DE24F40E8200068C3A /* Build configuration list for PBXProject "TabBar" */;
			compatibilityVersion = "Xcode 9.3";
			developmentRegion = en;
			hasScannedForEncodings = 0;
			knownRegions = (
				en,
				Base,
			);
			mainGroup = 64AF98DA24F40E8200068C3A;
			productRefGroup = 64AF98E424F40E8200068C3A /* Products */;
			projectDirPath = "";
			projectRoot = "";
			targets = (
				64AF98E224F40E8200068C3A /* TabBar */,
			);
		};
/* End PBXProject section */

/* Begin PBXResourcesBuildPhase section */
		64AF98E124F40E8200068C3A /* Resources */ = {
			isa = PBXResourcesBuildPhase;
			buildActionMask = 2147483647;
			files = (
				64AF98F324F40E8600068C3A /* LaunchScreen.storyboard in Resources */,
				64AF98F024F40E8600068C3A /* Preview Assets.xcassets in Resources */,
				64AF990124F4179A00068C3A /* README.md in Resources */,
				64AF98ED24F40E8600068C3A /* Assets.xcassets in Resources */,
			);
			runOnlyForDeploymentPostprocessing = 0;
		};
/* End PBXResourcesBuildPhase section */

/* Begin PBXSourcesBuildPhase section */
		64AF98DF24F40E8200068C3A /* Sources */ = {
			isa = PBXSourcesBuildPhase;
			buildActionMask = 2147483647;
			files = (
				64AF98E724F40E8200068C3A /* AppDelegate.swift in Sources */,
				64AF98E924F40E8200068C3A /* SceneDelegate.swift in Sources */,
				64AF98FC24F416A700068C3A /* TabBarItem.swift in Sources */,
				64AF98FF24F416F700068C3A /* TabBarView.swift in Sources */,
				64AF98EB24F40E8200068C3A /* ContentView.swift in Sources */,
			);
			runOnlyForDeploymentPostprocessing = 0;
		};
/* End PBXSourcesBuildPhase section */

/* Begin PBXVariantGroup section */
		64AF98F124F40E8600068C3A /* LaunchScreen.storyboard */ = {
			isa = PBXVariantGroup;
			children = (
				64AF98F224F40E8600068C3A /* Base */,
			);
			name = LaunchScreen.storyboard;
			sourceTree = "<group>";
		};
/* End PBXVariantGroup section */

/* Begin XCBuildConfiguration section */
		64AF98F524F40E8600068C3A /* Debug */ = {
			isa = XCBuildConfiguration;
			buildSettings = {
				ALWAYS_SEARCH_USER_PATHS = NO;
				CLANG_ANALYZER_NONNULL = YES;
				CLANG_ANALYZER_NUMBER_OBJECT_CONVERSION = YES_AGGRESSIVE;
				CLANG_CXX_LANGUAGE_STANDARD = "gnu++14";
				CLANG_CXX_LIBRARY = "libc++";
				CLANG_ENABLE_MODULES = YES;
				CLANG_ENABLE_OBJC_ARC = YES;
				CLANG_ENABLE_OBJC_WEAK = YES;
				CLANG_WARN_BLOCK_CAPTURE_AUTORELEASING = YES;
				CLANG_WARN_BOOL_CONVERSION = YES;
				CLANG_WARN_COMMA = YES;
				CLANG_WARN_CONSTANT_CONVERSION = YES;
				CLANG_WARN_DEPRECATED_OBJC_IMPLEMENTATIONS = YES;
				CLANG_WARN_DIRECT_OBJC_ISA_USAGE = YES_ERROR;
				CLANG_WARN_DOCUMENTATION_COMMENTS = YES;
				CLANG_WARN_EMPTY_BODY = YES;
				CLANG_WARN_ENUM_CONVERSION = YES;
				CLANG_WARN_INFINITE_RECURSION = YES;
				CLANG_WARN_INT_CONVERSION = YES;
				CLANG_WARN_NON_LITERAL_NULL_CONVERSION = YES;
				CLANG_WARN_OBJC_IMPLICIT_RETAIN_SELF = YES;
				CLANG_WARN_OBJC_LITERAL_CONVERSION = YES;
				CLANG_WARN_OBJC_ROOT_CLASS = YES_ERROR;
				CLANG_WARN_RANGE_LOOP_ANALYSIS = YES;
				CLANG_WARN_STRICT_PROTOTYPES = YES;
				CLANG_WARN_SUSPICIOUS_MOVE = YES;
				CLANG_WARN_UNGUARDED_AVAILABILITY = YES_AGGRESSIVE;
				CLANG_WARN_UNREACHABLE_CODE = YES;
				CLANG_WARN__DUPLICATE_METHOD_MATCH = YES;
				COPY_PHASE_STRIP = NO;
				DEBUG_INFORMATION_FORMAT = dwarf;
				ENABLE_STRICT_OBJC_MSGSEND = YES;
				ENABLE_TESTABILITY = YES;
				GCC_C_LANGUAGE_STANDARD = gnu11;
				GCC_DYNAMIC_NO_PIC = NO;
				GCC_NO_COMMON_BLOCKS = YES;
				GCC_OPTIMIZATION_LEVEL = 0;
				GCC_PREPROCESSOR_DEFINITIONS = (
					"DEBUG=1",
					"$(inherited)",
				);
				GCC_WARN_64_TO_32_BIT_CONVERSION = YES;
				GCC_WARN_ABOUT_RETURN_TYPE = YES_ERROR;
				GCC_WARN_UNDECLARED_SELECTOR = YES;
				GCC_WARN_UNINITIALIZED_AUTOS = YES_AGGRESSIVE;
				GCC_WARN_UNUSED_FUNCTION = YES;
				GCC_WARN_UNUSED_VARIABLE = YES;
				IPHONEOS_DEPLOYMENT_TARGET = 13.6;
				MTL_ENABLE_DEBUG_INFO = INCLUDE_SOURCE;
				MTL_FAST_MATH = YES;
				ONLY_ACTIVE_ARCH = YES;
				SDKROOT = iphoneos;
				SWIFT_ACTIVE_COMPILATION_CONDITIONS = DEBUG;
				SWIFT_OPTIMIZATION_LEVEL = "-Onone";
			};
			name = Debug;
		};
		64AF98F624F40E8600068C3A /* Release */ = {
			isa = XCBuildConfiguration;
			buildSettings = {
				ALWAYS_SEARCH_USER_PATHS = NO;
				CLANG_ANALYZER_NONNULL = YES;
				CLANG_ANALYZER_NUMBER_OBJECT_CONVERSION = YES_AGGRESSIVE;
				CLANG_CXX_LANGUAGE_STANDARD = "gnu++14";
				CLANG_CXX_LIBRARY = "libc++";
				CLANG_ENABLE_MODULES = YES;
				CLANG_ENABLE_OBJC_ARC = YES;
				CLANG_ENABLE_OBJC_WEAK = YES;
				CLANG_WARN_BLOCK_CAPTURE_AUTORELEASING = YES;
				CLANG_WARN_BOOL_CONVERSION = YES;
				CLANG_WARN_COMMA = YES;
				CLANG_WARN_CONSTANT_CONVERSION = YES;
				CLANG_WARN_DEPRECATED_OBJC_IMPLEMENTATIONS = YES;
				CLANG_WARN_DIRECT_OBJC_ISA_USAGE = YES_ERROR;
				CLANG_WARN_DOCUMENTATION_COMMENTS = YES;
				CLANG_WARN_EMPTY_BODY = YES;
				CLANG_WARN_ENUM_CONVERSION = YES;
				CLANG_WARN_INFINITE_RECURSION = YES;
				CLANG_WARN_INT_CONVERSION = YES;
				CLANG_WARN_NON_LITERAL_NULL_CONVERSION = YES;
				CLANG_WARN_OBJC_IMPLICIT_RETAIN_SELF = YES;
				CLANG_WARN_OBJC_LITERAL_CONVERSION = YES;
				CLANG_WARN_OBJC_ROOT_CLASS = YES_ERROR;
				CLANG_WARN_RANGE_LOOP_ANALYSIS = YES;
				CLANG_WARN_STRICT_PROTOTYPES = YES;
				CLANG_WARN_SUSPICIOUS_MOVE = YES;
				CLANG_WARN_UNGUARDED_AVAILABILITY = YES_AGGRESSIVE;
				CLANG_WARN_UNREACHABLE_CODE = YES;
				CLANG_WARN__DUPLICATE_METHOD_MATCH = YES;
				COPY_PHASE_STRIP = NO;
				DEBUG_INFORMATION_FORMAT = "dwarf-with-dsym";
				ENABLE_NS_ASSERTIONS = NO;
				ENABLE_STRICT_OBJC_MSGSEND = YES;
				GCC_C_LANGUAGE_STANDARD = gnu11;
				GCC_NO_COMMON_BLOCKS = YES;
				GCC_WARN_64_TO_32_BIT_CONVERSION = YES;
				GCC_WARN_ABOUT_RETURN_TYPE = YES_ERROR;
				GCC_WARN_UNDECLARED_SELECTOR = YES;
				GCC_WARN_UNINITIALIZED_AUTOS = YES_AGGRESSIVE;
				GCC_WARN_UNUSED_FUNCTION = YES;
				GCC_WARN_UNUSED_VARIABLE = YES;
				IPHONEOS_DEPLOYMENT_TARGET = 13.6;
				MTL_ENABLE_DEBUG_INFO = NO;
				MTL_FAST_MATH = YES;
				SDKROOT = iphoneos;
				SWIFT_COMPILATION_MODE = wholemodule;
				SWIFT_OPTIMIZATION_LEVEL = "-O";
				VALIDATE_PRODUCT = YES;
			};
			name = Release;
		};
		64AF98F824F40E8600068C3A /* Debug */ = {
			isa = XCBuildConfiguration;
			buildSettings = {
				ASSETCATALOG_COMPILER_APPICON_NAME = AppIcon;
				CODE_SIGN_STYLE = Automatic;
				DEVELOPMENT_ASSET_PATHS = "\"TabBar/Preview Content\"";
				ENABLE_PREVIEWS = YES;
				INFOPLIST_FILE = TabBar/Info.plist;
				LD_RUNPATH_SEARCH_PATHS = (
					"$(inherited)",
					"@executable_path/Frameworks",
				);
				PRODUCT_BUNDLE_IDENTIFIER = io.github.rphlfc.TabBar;
				PRODUCT_NAME = "$(TARGET_NAME)";
				SWIFT_VERSION = 5.0;
				TARGETED_DEVICE_FAMILY = "1,2";
			};
			name = Debug;
		};
		64AF98F924F40E8600068C3A /* Release */ = {
			isa = XCBuildConfiguration;
			buildSettings = {
				ASSETCATALOG_COMPILER_APPICON_NAME = AppIcon;
				CODE_SIGN_STYLE = Automatic;
				DEVELOPMENT_ASSET_PATHS = "\"TabBar/Preview Content\"";
				ENABLE_PREVIEWS = YES;
				INFOPLIST_FILE = TabBar/Info.plist;
				LD_RUNPATH_SEARCH_PATHS = (
					"$(inherited)",
					"@executable_path/Frameworks",
				);
				PRODUCT_BUNDLE_IDENTIFIER = io.github.rphlfc.TabBar;
				PRODUCT_NAME = "$(TARGET_NAME)";
				SWIFT_VERSION = 5.0;
				TARGETED_DEVICE_FAMILY = "1,2";
			};
			name = Release;
		};
/* End XCBuildConfiguration section */

/* Begin XCConfigurationList section */
		64AF98DE24F40E8200068C3A /* Build configuration list for PBXProject "TabBar" */ = {
			isa = XCConfigurationList;
			buildConfigurations = (
				64AF98F524F40E8600068C3A /* Debug */,
				64AF98F624F40E8600068C3A /* Release */,
			);
			defaultConfigurationIsVisible = 0;
			defaultConfigurationName = Release;
		};
		64AF98F724F40E8600068C3A /* Build configuration list for PBXNativeTarget "TabBar" */ = {
			isa = XCConfigurationList;
			buildConfigurations = (
				64AF98F824F40E8600068C3A /* Debug */,
				64AF98F924F40E8600068C3A /* Release */,
			);
			defaultConfigurationIsVisible = 0;
			defaultConfigurationName = Release;
		};
/* End XCConfigurationList section */
	};
	rootObject = 64AF98DB24F40E8200068C3A /* Project object */;
}
